// !$*UTF8*$!
{
	archiveVersion = 1;
	classes = {
	};
	objectVersion = 46;
	objects = {

/* Begin PBXBuildFile section */
		14AE09421A45B8BD008897B9 /* main.c in Sources */ = {isa = PBXBuildFile; fileRef = 14AE09411A45B8BD008897B9 /* main.c */; };
		14AE094A1A45B917008897B9 /* graspr.c in Sources */ = {isa = PBXBuildFile; fileRef = 14AE09481A45B917008897B9 /* graspr.c */; };
		14AE094B1A45B917008897B9 /* server.c in Sources */ = {isa = PBXBuildFile; fileRef = 14AE09491A45B917008897B9 /* server.c */; };
/* End PBXBuildFile section */

/* Begin PBXCopyFilesBuildPhase section */
		14AE093C1A45B8BD008897B9 /* CopyFiles */ = {
			isa = PBXCopyFilesBuildPhase;
			buildActionMask = 2147483647;
			dstPath = /usr/share/man/man1/;
			dstSubfolderSpec = 0;
			files = (
			);
			runOnlyForDeploymentPostprocessing = 1;
		};
/* End PBXCopyFilesBuildPhase section */

/* Begin PBXFileReference section */
		14AE093E1A45B8BD008897B9 /* rpi */ = {isa = PBXFileReference; explicitFileType = "compiled.mach-o.executable"; includeInIndex = 0; path = rpi; sourceTree = BUILT_PRODUCTS_DIR; };
		14AE09411A45B8BD008897B9 /* main.c */ = {isa = PBXFileReference; lastKnownFileType = sourcecode.c.c; path = main.c; sourceTree = "<group>"; };
		14AE09481A45B917008897B9 /* graspr.c */ = {isa = PBXFileReference; fileEncoding = 4; lastKnownFileType = sourcecode.c.c; path = graspr.c; sourceTree = "<group>"; };
		14AE09491A45B917008897B9 /* server.c */ = {isa = PBXFileReference; fileEncoding = 4; lastKnownFileType = sourcecode.c.c; path = server.c; sourceTree = "<group>"; };
		14AE094C1A45B930008897B9 /* server.h */ = {isa = PBXFileReference; fileEncoding = 4; lastKnownFileType = sourcecode.c.h; path = server.h; sourceTree = "<group>"; };
/* End PBXFileReference section */

/* Begin PBXFrameworksBuildPhase section */
		14AE093B1A45B8BD008897B9 /* Frameworks */ = {
			isa = PBXFrameworksBuildPhase;
			buildActionMask = 2147483647;
			files = (
			);
			runOnlyForDeploymentPostprocessing = 0;
		};
/* End PBXFrameworksBuildPhase section */

/* Begin PBXGroup section */
		14AE09351A45B8BD008897B9 = {
			isa = PBXGroup;
			children = (
				14AE09401A45B8BD008897B9 /* rpi */,
				14AE093F1A45B8BD008897B9 /* Products */,
			);
			sourceTree = "<group>";
		};
		14AE093F1A45B8BD008897B9 /* Products */ = {
			isa = PBXGroup;
			children = (
				14AE093E1A45B8BD008897B9 /* rpi */,
			);
			name = Products;
			sourceTree = "<group>";
		};
		14AE09401A45B8BD008897B9 /* rpi */ = {
			isa = PBXGroup;
			children = (
				14AE094C1A45B930008897B9 /* server.h */,
				14AE09481A45B917008897B9 /* graspr.c */,
				14AE09491A45B917008897B9 /* server.c */,
				14AE09411A45B8BD008897B9 /* main.c */,
			);
			path = rpi;
			sourceTree = "<group>";
		};
/* End PBXGroup section */

/* Begin PBXNativeTarget section */
		14AE093D1A45B8BD008897B9 /* rpi */ = {
			isa = PBXNativeTarget;
			buildConfigurationList = 14AE09451A45B8BD008897B9 /* Build configuration list for PBXNativeTarget "rpi" */;
			buildPhases = (
				14AE093A1A45B8BD008897B9 /* Sources */,
				14AE093B1A45B8BD008897B9 /* Frameworks */,
				14AE093C1A45B8BD008897B9 /* CopyFiles */,
			);
			buildRules = (
			);
			dependencies = (
			);
			name = rpi;
			productName = rpi;
			productReference = 14AE093E1A45B8BD008897B9 /* rpi */;
			productType = "com.apple.product-type.tool";
		};
/* End PBXNativeTarget section */

/* Begin PBXProject section */
		14AE09361A45B8BD008897B9 /* Project object */ = {
			isa = PBXProject;
			attributes = {
				LastUpgradeCheck = 0610;
				ORGANIZATIONNAME = "Anton de Winter";
				TargetAttributes = {
					14AE093D1A45B8BD008897B9 = {
						CreatedOnToolsVersion = 6.1.1;
					};
				};
			};
			buildConfigurationList = 14AE09391A45B8BD008897B9 /* Build configuration list for PBXProject "rpi" */;
			compatibilityVersion = "Xcode 3.2";
			developmentRegion = English;
			hasScannedForEncodings = 0;
			knownRegions = (
				en,
			);
			mainGroup = 14AE09351A45B8BD008897B9;
			productRefGroup = 14AE093F1A45B8BD008897B9 /* Products */;
			projectDirPath = "";
			projectRoot = "";
			targets = (
				14AE093D1A45B8BD008897B9 /* rpi */,
			);
		};
/* End PBXProject section */

/* Begin PBXSourcesBuildPhase section */
		14AE093A1A45B8BD008897B9 /* Sources */ = {
			isa = PBXSourcesBuildPhase;
			buildActionMask = 2147483647;
			files = (
				14AE094A1A45B917008897B9 /* graspr.c in Sources */,
				14AE094B1A45B917008897B9 /* server.c in Sources */,
				14AE09421A45B8BD008897B9 /* main.c in Sources */,
			);
			runOnlyForDeploymentPostprocessing = 0;
		};
/* End PBXSourcesBuildPhase section */

/* Begin XCBuildConfiguration section */
		14AE09431A45B8BD008897B9 /* Debug */ = {
			isa = XCBuildConfiguration;
			buildSettings = {
				ALWAYS_SEARCH_USER_PATHS = NO;
				CLANG_CXX_LANGUAGE_STANDARD = "gnu++0x";
				CLANG_CXX_LIBRARY = "libc++";
				CLANG_ENABLE_MODULES = YES;
				CLANG_ENABLE_OBJC_ARC = YES;
				CLANG_WARN_BOOL_CONVERSION = YES;
				CLANG_WARN_CONSTANT_CONVERSION = YES;
				CLANG_WARN_DIRECT_OBJC_ISA_USAGE = YES_ERROR;
				CLANG_WARN_EMPTY_BODY = YES;
				CLANG_WARN_ENUM_CONVERSION = YES;
				CLANG_WARN_INT_CONVERSION = YES;
				CLANG_WARN_OBJC_ROOT_CLASS = YES_ERROR;
				CLANG_WARN_UNREACHABLE_CODE = YES;
				CLANG_WARN__DUPLICATE_METHOD_MATCH = YES;
				COPY_PHASE_STRIP = NO;
				ENABLE_STRICT_OBJC_MSGSEND = YES;
				GCC_C_LANGUAGE_STANDARD = gnu99;
				GCC_DYNAMIC_NO_PIC = NO;
				GCC_OPTIMIZATION_LEVEL = 0;
				GCC_PREPROCESSOR_DEFINITIONS = (
					"DEBUG=1",
					"$(inherited)",
				);
				GCC_SYMBOLS_PRIVATE_EXTERN = NO;
				GCC_WARN_64_TO_32_BIT_CONVERSION = YES;
				GCC_WARN_ABOUT_RETURN_TYPE = YES_ERROR;
				GCC_WARN_UNDECLARED_SELECTOR = YES;
				GCC_WARN_UNINITIALIZED_AUTOS = YES_AGGRESSIVE;
				GCC_WARN_UNUSED_FUNCTION = YES;
				GCC_WARN_UNUSED_VARIABLE = YES;
				MACOSX_DEPLOYMENT_TARGET = 10.10;
				MTL_ENABLE_DEBUG_INFO = YES;
				ONLY_ACTIVE_ARCH = YES;
				SDKROOT = macosx;
			};
			name = Debug;
		};
		14AE09441A45B8BD008897B9 /* Release */ = {
			isa = XCBuildConfiguration;
			buildSettings = {
				ALWAYS_SEARCH_USER_PATHS = NO;
				CLANG_CXX_LANGUAGE_STANDARD = "gnu++0x";
				CLANG_CXX_LIBRARY = "libc++";
				CLANG_ENABLE_MODULES = YES;
				CLANG_ENABLE_OBJC_ARC = YES;
				CLANG_WARN_BOOL_CONVERSION = YES;
				CLANG_WARN_CONSTANT_CONVERSION = YES;
				CLANG_WARN_DIRECT_OBJC_ISA_USAGE = YES_ERROR;
				CLANG_WARN_EMPTY_BODY = YES;
				CLANG_WARN_ENUM_CONVERSION = YES;
				CLANG_WARN_INT_CONVERSION = YES;
				CLANG_WARN_OBJC_ROOT_CLASS = YES_ERROR;
				CLANG_WARN_UNREACHABLE_CODE = YES;
				CLANG_WARN__DUPLICATE_METHOD_MATCH = YES;
				COPY_PHASE_STRIP = YES;
				DEBUG_INFORMATION_FORMAT = "dwarf-with-dsym";
				ENABLE_NS_ASSERTIONS = NO;
				ENABLE_STRICT_OBJC_MSGSEND = YES;
				GCC_C_LANGUAGE_STANDARD = gnu99;
				GCC_WARN_64_TO_32_BIT_CONVERSION = YES;
				GCC_WARN_ABOUT_RETURN_TYPE = YES_ERROR;
				GCC_WARN_UNDECLARED_SELECTOR = YES;
				GCC_WARN_UNINITIALIZED_AUTOS = YES_AGGRESSIVE;
				GCC_WARN_UNUSED_FUNCTION = YES;
				GCC_WARN_UNUSED_VARIABLE = YES;
				MACOSX_DEPLOYMENT_TARGET = 10.10;
				MTL_ENABLE_DEBUG_INFO = NO;
				SDKROOT = macosx;
			};
			name = Release;
		};
		14AE09461A45B8BD008897B9 /* Debug */ = {
			isa = XCBuildConfiguration;
			buildSettings = {
				PRODUCT_NAME = "$(TARGET_NAME)";
			};
			name = Debug;
		};
		14AE09471A45B8BD008897B9 /* Release */ = {
			isa = XCBuildConfiguration;
			buildSettings = {
				PRODUCT_NAME = "$(TARGET_NAME)";
			};
			name = Release;
		};
/* End XCBuildConfiguration section */

/* Begin XCConfigurationList section */
		14AE09391A45B8BD008897B9 /* Build configuration list for PBXProject "rpi" */ = {
			isa = XCConfigurationList;
			buildConfigurations = (
				14AE09431A45B8BD008897B9 /* Debug */,
				14AE09441A45B8BD008897B9 /* Release */,
			);
			defaultConfigurationIsVisible = 0;
			defaultConfigurationName = Release;
		};
		14AE09451A45B8BD008897B9 /* Build configuration list for PBXNativeTarget "rpi" */ = {
			isa = XCConfigurationList;
			buildConfigurations = (
				14AE09461A45B8BD008897B9 /* Debug */,
				14AE09471A45B8BD008897B9 /* Release */,
			);
			defaultConfigurationIsVisible = 0;
		};
/* End XCConfigurationList section */
	};
	rootObject = 14AE09361A45B8BD008897B9 /* Project object */;
}
